// !$*UTF8*$!
{
	archiveVersion = 1;
	classes = {
	};
	objectVersion = 55;
	objects = {

/* Begin PBXBuildFile section */
		C66D3AB52852B87000E1746E /* AppDelegate.swift in Sources */ = {isa = PBXBuildFile; fileRef = C66D3AB42852B87000E1746E /* AppDelegate.swift */; };
		C66D3AB72852B87000E1746E /* SceneDelegate.swift in Sources */ = {isa = PBXBuildFile; fileRef = C66D3AB62852B87000E1746E /* SceneDelegate.swift */; };
		C66D3AB92852B87000E1746E /* ViewController.swift in Sources */ = {isa = PBXBuildFile; fileRef = C66D3AB82852B87000E1746E /* ViewController.swift */; };
		C66D3ABC2852B87000E1746E /* Main.storyboard in Resources */ = {isa = PBXBuildFile; fileRef = C66D3ABA2852B87000E1746E /* Main.storyboard */; };
		C66D3ABE2852B87200E1746E /* Assets.xcassets in Resources */ = {isa = PBXBuildFile; fileRef = C66D3ABD2852B87200E1746E /* Assets.xcassets */; };
		C66D3AC12852B87200E1746E /* LaunchScreen.storyboard in Resources */ = {isa = PBXBuildFile; fileRef = C66D3ABF2852B87200E1746E /* LaunchScreen.storyboard */; };
		C66D3ACC2852B87200E1746E /* CalendarTests.swift in Sources */ = {isa = PBXBuildFile; fileRef = C66D3ACB2852B87200E1746E /* CalendarTests.swift */; };
		C66D3AD62852B87200E1746E /* CalendarUITests.swift in Sources */ = {isa = PBXBuildFile; fileRef = C66D3AD52852B87200E1746E /* CalendarUITests.swift */; };
		C66D3AD82852B87200E1746E /* CalendarUITestsLaunchTests.swift in Sources */ = {isa = PBXBuildFile; fileRef = C66D3AD72852B87200E1746E /* CalendarUITestsLaunchTests.swift */; };
/* End PBXBuildFile section */

/* Begin PBXContainerItemProxy section */
		C66D3AC82852B87200E1746E /* PBXContainerItemProxy */ = {
			isa = PBXContainerItemProxy;
			containerPortal = C66D3AA92852B87000E1746E /* Project object */;
			proxyType = 1;
			remoteGlobalIDString = C66D3AB02852B87000E1746E;
			remoteInfo = Calendar;
		};
		C66D3AD22852B87200E1746E /* PBXContainerItemProxy */ = {
			isa = PBXContainerItemProxy;
			containerPortal = C66D3AA92852B87000E1746E /* Project object */;
			proxyType = 1;
			remoteGlobalIDString = C66D3AB02852B87000E1746E;
			remoteInfo = Calendar;
		};
/* End PBXContainerItemProxy section */

/* Begin PBXFileReference section */
		C66D3AB12852B87000E1746E /* Calendar.app */ = {isa = PBXFileReference; explicitFileType = wrapper.application; includeInIndex = 0; path = Calendar.app; sourceTree = BUILT_PRODUCTS_DIR; };
		C66D3AB42852B87000E1746E /* AppDelegate.swift */ = {isa = PBXFileReference; lastKnownFileType = sourcecode.swift; path = AppDelegate.swift; sourceTree = "<group>"; };
		C66D3AB62852B87000E1746E /* SceneDelegate.swift */ = {isa = PBXFileReference; lastKnownFileType = sourcecode.swift; path = SceneDelegate.swift; sourceTree = "<group>"; };
		C66D3AB82852B87000E1746E /* ViewController.swift */ = {isa = PBXFileReference; lastKnownFileType = sourcecode.swift; path = ViewController.swift; sourceTree = "<group>"; };
		C66D3ABB2852B87000E1746E /* Base */ = {isa = PBXFileReference; lastKnownFileType = file.storyboard; name = Base; path = Base.lproj/Main.storyboard; sourceTree = "<group>"; };
		C66D3ABD2852B87200E1746E /* Assets.xcassets */ = {isa = PBXFileReference; lastKnownFileType = folder.assetcatalog; path = Assets.xcassets; sourceTree = "<group>"; };
		C66D3AC02852B87200E1746E /* Base */ = {isa = PBXFileReference; lastKnownFileType = file.storyboard; name = Base; path = Base.lproj/LaunchScreen.storyboard; sourceTree = "<group>"; };
		C66D3AC22852B87200E1746E /* Info.plist */ = {isa = PBXFileReference; lastKnownFileType = text.plist.xml; path = Info.plist; sourceTree = "<group>"; };
		C66D3AC72852B87200E1746E /* CalendarTests.xctest */ = {isa = PBXFileReference; explicitFileType = wrapper.cfbundle; includeInIndex = 0; path = CalendarTests.xctest; sourceTree = BUILT_PRODUCTS_DIR; };
		C66D3ACB2852B87200E1746E /* CalendarTests.swift */ = {isa = PBXFileReference; lastKnownFileType = sourcecode.swift; path = CalendarTests.swift; sourceTree = "<group>"; };
		C66D3AD12852B87200E1746E /* CalendarUITests.xctest */ = {isa = PBXFileReference; explicitFileType = wrapper.cfbundle; includeInIndex = 0; path = CalendarUITests.xctest; sourceTree = BUILT_PRODUCTS_DIR; };
		C66D3AD52852B87200E1746E /* CalendarUITests.swift */ = {isa = PBXFileReference; lastKnownFileType = sourcecode.swift; path = CalendarUITests.swift; sourceTree = "<group>"; };
		C66D3AD72852B87200E1746E /* CalendarUITestsLaunchTests.swift */ = {isa = PBXFileReference; lastKnownFileType = sourcecode.swift; path = CalendarUITestsLaunchTests.swift; sourceTree = "<group>"; };
/* End PBXFileReference section */

/* Begin PBXFrameworksBuildPhase section */
		C66D3AAE2852B87000E1746E /* Frameworks */ = {
			isa = PBXFrameworksBuildPhase;
			buildActionMask = 2147483647;
			files = (
			);
			runOnlyForDeploymentPostprocessing = 0;
		};
		C66D3AC42852B87200E1746E /* Frameworks */ = {
			isa = PBXFrameworksBuildPhase;
			buildActionMask = 2147483647;
			files = (
			);
			runOnlyForDeploymentPostprocessing = 0;
		};
		C66D3ACE2852B87200E1746E /* Frameworks */ = {
			isa = PBXFrameworksBuildPhase;
			buildActionMask = 2147483647;
			files = (
			);
			runOnlyForDeploymentPostprocessing = 0;
		};
/* End PBXFrameworksBuildPhase section */

/* Begin PBXGroup section */
		C66D3AA82852B87000E1746E = {
			isa = PBXGroup;
			children = (
				C66D3AB32852B87000E1746E /* Calendar */,
				C66D3ACA2852B87200E1746E /* CalendarTests */,
				C66D3AD42852B87200E1746E /* CalendarUITests */,
				C66D3AB22852B87000E1746E /* Products */,
			);
			sourceTree = "<group>";
		};
		C66D3AB22852B87000E1746E /* Products */ = {
			isa = PBXGroup;
			children = (
				C66D3AB12852B87000E1746E /* Calendar.app */,
				C66D3AC72852B87200E1746E /* CalendarTests.xctest */,
				C66D3AD12852B87200E1746E /* CalendarUITests.xctest */,
			);
			name = Products;
			sourceTree = "<group>";
		};
		C66D3AB32852B87000E1746E /* Calendar */ = {
			isa = PBXGroup;
			children = (
				C66D3AB42852B87000E1746E /* AppDelegate.swift */,
				C66D3AB62852B87000E1746E /* SceneDelegate.swift */,
				C66D3AB82852B87000E1746E /* ViewController.swift */,
				C66D3ABA2852B87000E1746E /* Main.storyboard */,
				C66D3ABD2852B87200E1746E /* Assets.xcassets */,
				C66D3ABF2852B87200E1746E /* LaunchScreen.storyboard */,
				C66D3AC22852B87200E1746E /* Info.plist */,
			);
			path = Calendar;
			sourceTree = "<group>";
		};
		C66D3ACA2852B87200E1746E /* CalendarTests */ = {
			isa = PBXGroup;
			children = (
				C66D3ACB2852B87200E1746E /* CalendarTests.swift */,
			);
			path = CalendarTests;
			sourceTree = "<group>";
		};
		C66D3AD42852B87200E1746E /* CalendarUITests */ = {
			isa = PBXGroup;
			children = (
				C66D3AD52852B87200E1746E /* CalendarUITests.swift */,
				C66D3AD72852B87200E1746E /* CalendarUITestsLaunchTests.swift */,
			);
			path = CalendarUITests;
			sourceTree = "<group>";
		};
/* End PBXGroup section */

/* Begin PBXNativeTarget section */
		C66D3AB02852B87000E1746E /* Calendar */ = {
			isa = PBXNativeTarget;
			buildConfigurationList = C66D3ADB2852B87200E1746E /* Build configuration list for PBXNativeTarget "Calendar" */;
			buildPhases = (
				C66D3AAD2852B87000E1746E /* Sources */,
				C66D3AAE2852B87000E1746E /* Frameworks */,
				C66D3AAF2852B87000E1746E /* Resources */,
			);
			buildRules = (
			);
			dependencies = (
			);
			name = Calendar;
			productName = Calendar;
			productReference = C66D3AB12852B87000E1746E /* Calendar.app */;
			productType = "com.apple.product-type.application";
		};
		C66D3AC62852B87200E1746E /* CalendarTests */ = {
			isa = PBXNativeTarget;
			buildConfigurationList = C66D3ADE2852B87200E1746E /* Build configuration list for PBXNativeTarget "CalendarTests" */;
			buildPhases = (
				C66D3AC32852B87200E1746E /* Sources */,
				C66D3AC42852B87200E1746E /* Frameworks */,
				C66D3AC52852B87200E1746E /* Resources */,
			);
			buildRules = (
			);
			dependencies = (
				C66D3AC92852B87200E1746E /* PBXTargetDependency */,
			);
			name = CalendarTests;
			productName = CalendarTests;
			productReference = C66D3AC72852B87200E1746E /* CalendarTests.xctest */;
			productType = "com.apple.product-type.bundle.unit-test";
		};
		C66D3AD02852B87200E1746E /* CalendarUITests */ = {
			isa = PBXNativeTarget;
			buildConfigurationList = C66D3AE12852B87200E1746E /* Build configuration list for PBXNativeTarget "CalendarUITests" */;
			buildPhases = (
				C66D3ACD2852B87200E1746E /* Sources */,
				C66D3ACE2852B87200E1746E /* Frameworks */,
				C66D3ACF2852B87200E1746E /* Resources */,
			);
			buildRules = (
			);
			dependencies = (
				C66D3AD32852B87200E1746E /* PBXTargetDependency */,
			);
			name = CalendarUITests;
			productName = CalendarUITests;
			productReference = C66D3AD12852B87200E1746E /* CalendarUITests.xctest */;
			productType = "com.apple.product-type.bundle.ui-testing";
		};
/* End PBXNativeTarget section */

/* Begin PBXProject section */
		C66D3AA92852B87000E1746E /* Project object */ = {
			isa = PBXProject;
			attributes = {
				BuildIndependentTargetsInParallel = 1;
				LastSwiftUpdateCheck = 1320;
				LastUpgradeCheck = 1320;
				TargetAttributes = {
					C66D3AB02852B87000E1746E = {
						CreatedOnToolsVersion = 13.2;
					};
					C66D3AC62852B87200E1746E = {
						CreatedOnToolsVersion = 13.2;
						TestTargetID = C66D3AB02852B87000E1746E;
					};
					C66D3AD02852B87200E1746E = {
						CreatedOnToolsVersion = 13.2;
						TestTargetID = C66D3AB02852B87000E1746E;
					};
				};
			};
			buildConfigurationList = C66D3AAC2852B87000E1746E /* Build configuration list for PBXProject "Calendar" */;
			compatibilityVersion = "Xcode 13.0";
			developmentRegion = en;
			hasScannedForEncodings = 0;
			knownRegions = (
				en,
				Base,
			);
			mainGroup = C66D3AA82852B87000E1746E;
			productRefGroup = C66D3AB22852B87000E1746E /* Products */;
			projectDirPath = "";
			projectRoot = "";
			targets = (
				C66D3AB02852B87000E1746E /* Calendar */,
				C66D3AC62852B87200E1746E /* CalendarTests */,
				C66D3AD02852B87200E1746E /* CalendarUITests */,
			);
		};
/* End PBXProject section */

/* Begin PBXResourcesBuildPhase section */
		C66D3AAF2852B87000E1746E /* Resources */ = {
			isa = PBXResourcesBuildPhase;
			buildActionMask = 2147483647;
			files = (
				C66D3AC12852B87200E1746E /* LaunchScreen.storyboard in Resources */,
				C66D3ABE2852B87200E1746E /* Assets.xcassets in Resources */,
				C66D3ABC2852B87000E1746E /* Main.storyboard in Resources */,
			);
			runOnlyForDeploymentPostprocessing = 0;
		};
		C66D3AC52852B87200E1746E /* Resources */ = {
			isa = PBXResourcesBuildPhase;
			buildActionMask = 2147483647;
			files = (
			);
			runOnlyForDeploymentPostprocessing = 0;
		};
		C66D3ACF2852B87200E1746E /* Resources */ = {
			isa = PBXResourcesBuildPhase;
			buildActionMask = 2147483647;
			files = (
			);
			runOnlyForDeploymentPostprocessing = 0;
		};
/* End PBXResourcesBuildPhase section */

/* Begin PBXSourcesBuildPhase section */
		C66D3AAD2852B87000E1746E /* Sources */ = {
			isa = PBXSourcesBuildPhase;
			buildActionMask = 2147483647;
			files = (
				C66D3AB92852B87000E1746E /* ViewController.swift in Sources */,
				C66D3AB52852B87000E1746E /* AppDelegate.swift in Sources */,
				C66D3AB72852B87000E1746E /* SceneDelegate.swift in Sources */,
			);
			runOnlyForDeploymentPostprocessing = 0;
		};
		C66D3AC32852B87200E1746E /* Sources */ = {
			isa = PBXSourcesBuildPhase;
			buildActionMask = 2147483647;
			files = (
				C66D3ACC2852B87200E1746E /* CalendarTests.swift in Sources */,
			);
			runOnlyForDeploymentPostprocessing = 0;
		};
		C66D3ACD2852B87200E1746E /* Sources */ = {
			isa = PBXSourcesBuildPhase;
			buildActionMask = 2147483647;
			files = (
				C66D3AD82852B87200E1746E /* CalendarUITestsLaunchTests.swift in Sources */,
				C66D3AD62852B87200E1746E /* CalendarUITests.swift in Sources */,
			);
			runOnlyForDeploymentPostprocessing = 0;
		};
/* End PBXSourcesBuildPhase section */

/* Begin PBXTargetDependency section */
		C66D3AC92852B87200E1746E /* PBXTargetDependency */ = {
			isa = PBXTargetDependency;
			target = C66D3AB02852B87000E1746E /* Calendar */;
			targetProxy = C66D3AC82852B87200E1746E /* PBXContainerItemProxy */;
		};
		C66D3AD32852B87200E1746E /* PBXTargetDependency */ = {
			isa = PBXTargetDependency;
			target = C66D3AB02852B87000E1746E /* Calendar */;
			targetProxy = C66D3AD22852B87200E1746E /* PBXContainerItemProxy */;
		};
/* End PBXTargetDependency section */

/* Begin PBXVariantGroup section */
		C66D3ABA2852B87000E1746E /* Main.storyboard */ = {
			isa = PBXVariantGroup;
			children = (
				C66D3ABB2852B87000E1746E /* Base */,
			);
			name = Main.storyboard;
			sourceTree = "<group>";
		};
		C66D3ABF2852B87200E1746E /* LaunchScreen.storyboard */ = {
			isa = PBXVariantGroup;
			children = (
				C66D3AC02852B87200E1746E /* Base */,
			);
			name = LaunchScreen.storyboard;
			sourceTree = "<group>";
		};
/* End PBXVariantGroup section */

/* Begin XCBuildConfiguration section */
		C66D3AD92852B87200E1746E /* Debug */ = {
			isa = XCBuildConfiguration;
			buildSettings = {
				ALWAYS_SEARCH_USER_PATHS = NO;
				CLANG_ANALYZER_NONNULL = YES;
				CLANG_ANALYZER_NUMBER_OBJECT_CONVERSION = YES_AGGRESSIVE;
				CLANG_CXX_LANGUAGE_STANDARD = "gnu++17";
				CLANG_CXX_LIBRARY = "libc++";
				CLANG_ENABLE_MODULES = YES;
				CLANG_ENABLE_OBJC_ARC = YES;
				CLANG_ENABLE_OBJC_WEAK = YES;
				CLANG_WARN_BLOCK_CAPTURE_AUTORELEASING = YES;
				CLANG_WARN_BOOL_CONVERSION = YES;
				CLANG_WARN_COMMA = YES;
				CLANG_WARN_CONSTANT_CONVERSION = YES;
				CLANG_WARN_DEPRECATED_OBJC_IMPLEMENTATIONS = YES;
				CLANG_WARN_DIRECT_OBJC_ISA_USAGE = YES_ERROR;
				CLANG_WARN_DOCUMENTATION_COMMENTS = YES;
				CLANG_WARN_EMPTY_BODY = YES;
				CLANG_WARN_ENUM_CONVERSION = YES;
				CLANG_WARN_INFINITE_RECURSION = YES;
				CLANG_WARN_INT_CONVERSION = YES;
				CLANG_WARN_NON_LITERAL_NULL_CONVERSION = YES;
				CLANG_WARN_OBJC_IMPLICIT_RETAIN_SELF = YES;
				CLANG_WARN_OBJC_LITERAL_CONVERSION = YES;
				CLANG_WARN_OBJC_ROOT_CLASS = YES_ERROR;
				CLANG_WARN_QUOTED_INCLUDE_IN_FRAMEWORK_HEADER = YES;
				CLANG_WARN_RANGE_LOOP_ANALYSIS = YES;
				CLANG_WARN_STRICT_PROTOTYPES = YES;
				CLANG_WARN_SUSPICIOUS_MOVE = YES;
				CLANG_WARN_UNGUARDED_AVAILABILITY = YES_AGGRESSIVE;
				CLANG_WARN_UNREACHABLE_CODE = YES;
				CLANG_WARN__DUPLICATE_METHOD_MATCH = YES;
				COPY_PHASE_STRIP = NO;
				DEBUG_INFORMATION_FORMAT = dwarf;
				ENABLE_STRICT_OBJC_MSGSEND = YES;
				ENABLE_TESTABILITY = YES;
				GCC_C_LANGUAGE_STANDARD = gnu11;
				GCC_DYNAMIC_NO_PIC = NO;
				GCC_NO_COMMON_BLOCKS = YES;
				GCC_OPTIMIZATION_LEVEL = 0;
				GCC_PREPROCESSOR_DEFINITIONS = (
					"DEBUG=1",
					"$(inherited)",
				);
				GCC_WARN_64_TO_32_BIT_CONVERSION = YES;
				GCC_WARN_ABOUT_RETURN_TYPE = YES_ERROR;
				GCC_WARN_UNDECLARED_SELECTOR = YES;
				GCC_WARN_UNINITIALIZED_AUTOS = YES_AGGRESSIVE;
				GCC_WARN_UNUSED_FUNCTION = YES;
				GCC_WARN_UNUSED_VARIABLE = YES;
				IPHONEOS_DEPLOYMENT_TARGET = 15.2;
				MTL_ENABLE_DEBUG_INFO = INCLUDE_SOURCE;
				MTL_FAST_MATH = YES;
				ONLY_ACTIVE_ARCH = YES;
				SDKROOT = iphoneos;
				SWIFT_ACTIVE_COMPILATION_CONDITIONS = DEBUG;
				SWIFT_OPTIMIZATION_LEVEL = "-Onone";
			};
			name = Debug;
		};
		C66D3ADA2852B87200E1746E /* Release */ = {
			isa = XCBuildConfiguration;
			buildSettings = {
				ALWAYS_SEARCH_USER_PATHS = NO;
				CLANG_ANALYZER_NONNULL = YES;
				CLANG_ANALYZER_NUMBER_OBJECT_CONVERSION = YES_AGGRESSIVE;
				CLANG_CXX_LANGUAGE_STANDARD = "gnu++17";
				CLANG_CXX_LIBRARY = "libc++";
				CLANG_ENABLE_MODULES = YES;
				CLANG_ENABLE_OBJC_ARC = YES;
				CLANG_ENABLE_OBJC_WEAK = YES;
				CLANG_WARN_BLOCK_CAPTURE_AUTORELEASING = YES;
				CLANG_WARN_BOOL_CONVERSION = YES;
				CLANG_WARN_COMMA = YES;
				CLANG_WARN_CONSTANT_CONVERSION = YES;
				CLANG_WARN_DEPRECATED_OBJC_IMPLEMENTATIONS = YES;
				CLANG_WARN_DIRECT_OBJC_ISA_USAGE = YES_ERROR;
				CLANG_WARN_DOCUMENTATION_COMMENTS = YES;
				CLANG_WARN_EMPTY_BODY = YES;
				CLANG_WARN_ENUM_CONVERSION = YES;
				CLANG_WARN_INFINITE_RECURSION = YES;
				CLANG_WARN_INT_CONVERSION = YES;
				CLANG_WARN_NON_LITERAL_NULL_CONVERSION = YES;
				CLANG_WARN_OBJC_IMPLICIT_RETAIN_SELF = YES;
				CLANG_WARN_OBJC_LITERAL_CONVERSION = YES;
				CLANG_WARN_OBJC_ROOT_CLASS = YES_ERROR;
				CLANG_WARN_QUOTED_INCLUDE_IN_FRAMEWORK_HEADER = YES;
				CLANG_WARN_RANGE_LOOP_ANALYSIS = YES;
				CLANG_WARN_STRICT_PROTOTYPES = YES;
				CLANG_WARN_SUSPICIOUS_MOVE = YES;
				CLANG_WARN_UNGUARDED_AVAILABILITY = YES_AGGRESSIVE;
				CLANG_WARN_UNREACHABLE_CODE = YES;
				CLANG_WARN__DUPLICATE_METHOD_MATCH = YES;
				COPY_PHASE_STRIP = NO;
				DEBUG_INFORMATION_FORMAT = "dwarf-with-dsym";
				ENABLE_NS_ASSERTIONS = NO;
				ENABLE_STRICT_OBJC_MSGSEND = YES;
				GCC_C_LANGUAGE_STANDARD = gnu11;
				GCC_NO_COMMON_BLOCKS = YES;
				GCC_WARN_64_TO_32_BIT_CONVERSION = YES;
				GCC_WARN_ABOUT_RETURN_TYPE = YES_ERROR;
				GCC_WARN_UNDECLARED_SELECTOR = YES;
				GCC_WARN_UNINITIALIZED_AUTOS = YES_AGGRESSIVE;
				GCC_WARN_UNUSED_FUNCTION = YES;
				GCC_WARN_UNUSED_VARIABLE = YES;
				IPHONEOS_DEPLOYMENT_TARGET = 15.2;
				MTL_ENABLE_DEBUG_INFO = NO;
				MTL_FAST_MATH = YES;
				SDKROOT = iphoneos;
				SWIFT_COMPILATION_MODE = wholemodule;
				SWIFT_OPTIMIZATION_LEVEL = "-O";
				VALIDATE_PRODUCT = YES;
			};
			name = Release;
		};
		C66D3ADC2852B87200E1746E /* Debug */ = {
			isa = XCBuildConfiguration;
			buildSettings = {
				ASSETCATALOG_COMPILER_APPICON_NAME = AppIcon;
				ASSETCATALOG_COMPILER_GLOBAL_ACCENT_COLOR_NAME = AccentColor;
				CODE_SIGN_STYLE = Automatic;
				CURRENT_PROJECT_VERSION = 1;
				GENERATE_INFOPLIST_FILE = YES;
				INFOPLIST_FILE = Calendar/Info.plist;
				INFOPLIST_KEY_UIApplicationSupportsIndirectInputEvents = YES;
				INFOPLIST_KEY_UILaunchStoryboardName = LaunchScreen;
				INFOPLIST_KEY_UIMainStoryboardFile = Main;
				INFOPLIST_KEY_UISupportedInterfaceOrientations_iPad = "UIInterfaceOrientationPortrait UIInterfaceOrientationPortraitUpsideDown UIInterfaceOrientationLandscapeLeft UIInterfaceOrientationLandscapeRight";
				INFOPLIST_KEY_UISupportedInterfaceOrientations_iPhone = "UIInterfaceOrientationPortrait UIInterfaceOrientationLandscapeLeft UIInterfaceOrientationLandscapeRight";
				LD_RUNPATH_SEARCH_PATHS = (
					"$(inherited)",
					"@executable_path/Frameworks",
				);
				MARKETING_VERSION = 1.0;
				PRODUCT_BUNDLE_IDENTIFIER = com.droidtapgames.Calendar;
				PRODUCT_NAME = "$(TARGET_NAME)";
				SWIFT_EMIT_LOC_STRINGS = YES;
				SWIFT_VERSION = 5.0;
				TARGETED_DEVICE_FAMILY = "1,2";
			};
			name = Debug;
		};
		C66D3ADD2852B87200E1746E /* Release */ = {
			isa = XCBuildConfiguration;
			buildSettings = {
				ASSETCATALOG_COMPILER_APPICON_NAME = AppIcon;
				ASSETCATALOG_COMPILER_GLOBAL_ACCENT_COLOR_NAME = AccentColor;
				CODE_SIGN_STYLE = Automatic;
				CURRENT_PROJECT_VERSION = 1;
				GENERATE_INFOPLIST_FILE = YES;
				INFOPLIST_FILE = Calendar/Info.plist;
				INFOPLIST_KEY_UIApplicationSupportsIndirectInputEvents = YES;
				INFOPLIST_KEY_UILaunchStoryboardName = LaunchScreen;
				INFOPLIST_KEY_UIMainStoryboardFile = Main;
				INFOPLIST_KEY_UISupportedInterfaceOrientations_iPad = "UIInterfaceOrientationPortrait UIInterfaceOrientationPortraitUpsideDown UIInterfaceOrientationLandscapeLeft UIInterfaceOrientationLandscapeRight";
				INFOPLIST_KEY_UISupportedInterfaceOrientations_iPhone = "UIInterfaceOrientationPortrait UIInterfaceOrientationLandscapeLeft UIInterfaceOrientationLandscapeRight";
				LD_RUNPATH_SEARCH_PATHS = (
					"$(inherited)",
					"@executable_path/Frameworks",
				);
				MARKETING_VERSION = 1.0;
				PRODUCT_BUNDLE_IDENTIFIER = com.droidtapgames.Calendar;
				PRODUCT_NAME = "$(TARGET_NAME)";
				SWIFT_EMIT_LOC_STRINGS = YES;
				SWIFT_VERSION = 5.0;
				TARGETED_DEVICE_FAMILY = "1,2";
			};
			name = Release;
		};
		C66D3ADF2852B87200E1746E /* Debug */ = {
			isa = XCBuildConfiguration;
			buildSettings = {
				ALWAYS_EMBED_SWIFT_STANDARD_LIBRARIES = YES;
				BUNDLE_LOADER = "$(TEST_HOST)";
				CODE_SIGN_STYLE = Automatic;
				CURRENT_PROJECT_VERSION = 1;
				GENERATE_INFOPLIST_FILE = YES;
				IPHONEOS_DEPLOYMENT_TARGET = 15.2;
				MARKETING_VERSION = 1.0;
				PRODUCT_BUNDLE_IDENTIFIER = com.droidtapgames.CalendarTests;
				PRODUCT_NAME = "$(TARGET_NAME)";
				SWIFT_EMIT_LOC_STRINGS = NO;
				SWIFT_VERSION = 5.0;
				TARGETED_DEVICE_FAMILY = "1,2";
				TEST_HOST = "$(BUILT_PRODUCTS_DIR)/Calendar.app/Calendar";
			};
			name = Debug;
		};
		C66D3AE02852B87200E1746E /* Release */ = {
			isa = XCBuildConfiguration;
			buildSettings = {
				ALWAYS_EMBED_SWIFT_STANDARD_LIBRARIES = YES;
				BUNDLE_LOADER = "$(TEST_HOST)";
				CODE_SIGN_STYLE = Automatic;
				CURRENT_PROJECT_VERSION = 1;
				GENERATE_INFOPLIST_FILE = YES;
				IPHONEOS_DEPLOYMENT_TARGET = 15.2;
				MARKETING_VERSION = 1.0;
				PRODUCT_BUNDLE_IDENTIFIER = com.droidtapgames.CalendarTests;
				PRODUCT_NAME = "$(TARGET_NAME)";
				SWIFT_EMIT_LOC_STRINGS = NO;
				SWIFT_VERSION = 5.0;
				TARGETED_DEVICE_FAMILY = "1,2";
				TEST_HOST = "$(BUILT_PRODUCTS_DIR)/Calendar.app/Calendar";
			};
			name = Release;
		};
		C66D3AE22852B87200E1746E /* Debug */ = {
			isa = XCBuildConfiguration;
			buildSettings = {
				ALWAYS_EMBED_SWIFT_STANDARD_LIBRARIES = YES;
				CODE_SIGN_STYLE = Automatic;
				CURRENT_PROJECT_VERSION = 1;
				GENERATE_INFOPLIST_FILE = YES;
				MARKETING_VERSION = 1.0;
				PRODUCT_BUNDLE_IDENTIFIER = com.droidtapgames.CalendarUITests;
				PRODUCT_NAME = "$(TARGET_NAME)";
				SWIFT_EMIT_LOC_STRINGS = NO;
				SWIFT_VERSION = 5.0;
				TARGETED_DEVICE_FAMILY = "1,2";
				TEST_TARGET_NAME = Calendar;
			};
			name = Debug;
		};
		C66D3AE32852B87200E1746E /* Release */ = {
			isa = XCBuildConfiguration;
			buildSettings = {
				ALWAYS_EMBED_SWIFT_STANDARD_LIBRARIES = YES;
				CODE_SIGN_STYLE = Automatic;
				CURRENT_PROJECT_VERSION = 1;
				GENERATE_INFOPLIST_FILE = YES;
				MARKETING_VERSION = 1.0;
				PRODUCT_BUNDLE_IDENTIFIER = com.droidtapgames.CalendarUITests;
				PRODUCT_NAME = "$(TARGET_NAME)";
				SWIFT_EMIT_LOC_STRINGS = NO;
				SWIFT_VERSION = 5.0;
				TARGETED_DEVICE_FAMILY = "1,2";
				TEST_TARGET_NAME = Calendar;
			};
			name = Release;
		};
/* End XCBuildConfiguration section */

/* Begin XCConfigurationList section */
		C66D3AAC2852B87000E1746E /* Build configuration list for PBXProject "Calendar" */ = {
			isa = XCConfigurationList;
			buildConfigurations = (
				C66D3AD92852B87200E1746E /* Debug */,
				C66D3ADA2852B87200E1746E /* Release */,
			);
			defaultConfigurationIsVisible = 0;
			defaultConfigurationName = Release;
		};
		C66D3ADB2852B87200E1746E /* Build configuration list for PBXNativeTarget "Calendar" */ = {
			isa = XCConfigurationList;
			buildConfigurations = (
				C66D3ADC2852B87200E1746E /* Debug */,
				C66D3ADD2852B87200E1746E /* Release */,
			);
			defaultConfigurationIsVisible = 0;
			defaultConfigurationName = Release;
		};
		C66D3ADE2852B87200E1746E /* Build configuration list for PBXNativeTarget "CalendarTests" */ = {
			isa = XCConfigurationList;
			buildConfigurations = (
				C66D3ADF2852B87200E1746E /* Debug */,
				C66D3AE02852B87200E1746E /* Release */,
			);
			defaultConfigurationIsVisible = 0;
			defaultConfigurationName = Release;
		};
		C66D3AE12852B87200E1746E /* Build configuration list for PBXNativeTarget "CalendarUITests" */ = {
			isa = XCConfigurationList;
			buildConfigurations = (
				C66D3AE22852B87200E1746E /* Debug */,
				C66D3AE32852B87200E1746E /* Release */,
			);
			defaultConfigurationIsVisible = 0;
			defaultConfigurationName = Release;
		};
/* End XCConfigurationList section */
	};
	rootObject = C66D3AA92852B87000E1746E /* Project object */;
}
